Microsoft Visual Studio Solution File, Format Version 12.00
# Visual Studio Version 17
VisualStudioVersion = 17.5.2.0
MinimumVisualStudioVersion = 10.0.40219.1
Project("{FAE04EC0-301F-11D3-BF4B-00C04F79EFBC}") = "TiendaApi", "TiendaApi.csproj", "{1ED809D6-6059-4959-37EA-063377F17A95}"
EndProject
Global
	GlobalSection(SolutionConfigurationPlatforms) = preSolution
		Debug|Any CPU = Debug|Any CPU
		Release|Any CPU = Release|Any CPU
	EndGlobalSection
	GlobalSection(ProjectConfigurationPlatforms) = postSolution
		{1ED809D6-6059-4959-37EA-063377F17A95}.Debug|Any CPU.ActiveCfg = Debug|Any CPU
		{1ED809D6-6059-4959-37EA-063377F17A95}.Debug|Any CPU.Build.0 = Debug|Any CPU
		{1ED809D6-6059-4959-37EA-063377F17A95}.Release|Any CPU.ActiveCfg = Release|Any CPU
		{1ED809D6-6059-4959-37EA-063377F17A95}.Release|Any CPU.Build.0 = Release|Any CPU
	EndGlobalSection
	GlobalSection(SolutionProperties) = preSolution
		HideSolutionNode = FALSE
	EndGlobalSection
	GlobalSection(ExtensibilityGlobals) = postSolution
		SolutionGuid = {E4C2DC09-BC42-4A36-9C24-B9AC658FA34B}
	EndGlobalSection
EndGlobal
